
Microsoft Visual Studio Solution File, Format Version 12.00
# Visual Studio Version 16
VisualStudioVersion = 16.0.30104.148
MinimumVisualStudioVersion = 10.0.40219.1
Project("{FAE04EC0-301F-11D3-BF4B-00C04F79EFBC}") = "tarea 6", "tarea 6.csproj", "{4D9FF854-2670-4B7A-A01A-4535C3B24023}"
EndProject
Global
	GlobalSection(SolutionConfigurationPlatforms) = preSolution
		Debug|Any CPU = Debug|Any CPU
		Release|Any CPU = Release|Any CPU
	EndGlobalSection
	GlobalSection(ProjectConfigurationPlatforms) = postSolution
		{4D9FF854-2670-4B7A-A01A-4535C3B24023}.Debug|Any CPU.ActiveCfg = Debug|Any CPU
		{4D9FF854-2670-4B7A-A01A-4535C3B24023}.Debug|Any CPU.Build.0 = Debug|Any CPU
		{4D9FF854-2670-4B7A-A01A-4535C3B24023}.Release|Any CPU.ActiveCfg = Release|Any CPU
		{4D9FF854-2670-4B7A-A01A-4535C3B24023}.Release|Any CPU.Build.0 = Release|Any CPU
	EndGlobalSection
	GlobalSection(SolutionProperties) = preSolution
		HideSolutionNode = FALSE
	EndGlobalSection
	GlobalSection(ExtensibilityGlobals) = postSolution
		SolutionGuid = {7A76D844-EB0E-4D32-9B00-A28E9A9F3B59}
	EndGlobalSection
EndGlobal
