
Microsoft Visual Studio Solution File, Format Version 12.00
# Visual Studio Version 16
VisualStudioVersion = 16.0.30104.148
MinimumVisualStudioVersion = 10.0.40219.1
Project("{FAE04EC0-301F-11D3-BF4B-00C04F79EFBC}") = "EJERCICIOS 3", "EJERCICIOS 3.csproj", "{8CA4B137-B011-4402-A7B8-CCF16737CE21}"
EndProject
Global
	GlobalSection(SolutionConfigurationPlatforms) = preSolution
		Debug|Any CPU = Debug|Any CPU
		Release|Any CPU = Release|Any CPU
	EndGlobalSection
	GlobalSection(ProjectConfigurationPlatforms) = postSolution
		{8CA4B137-B011-4402-A7B8-CCF16737CE21}.Debug|Any CPU.ActiveCfg = Debug|Any CPU
		{8CA4B137-B011-4402-A7B8-CCF16737CE21}.Debug|Any CPU.Build.0 = Debug|Any CPU
		{8CA4B137-B011-4402-A7B8-CCF16737CE21}.Release|Any CPU.ActiveCfg = Release|Any CPU
		{8CA4B137-B011-4402-A7B8-CCF16737CE21}.Release|Any CPU.Build.0 = Release|Any CPU
	EndGlobalSection
	GlobalSection(SolutionProperties) = preSolution
		HideSolutionNode = FALSE
	EndGlobalSection
	GlobalSection(ExtensibilityGlobals) = postSolution
		SolutionGuid = {2F33CEE2-40C7-4707-9D79-BCCD2E11BAAF}
	EndGlobalSection
EndGlobal
