
Microsoft Visual Studio Solution File, Format Version 12.00
# Visual Studio Version 16
VisualStudioVersion = 16.0.30204.135
MinimumVisualStudioVersion = 10.0.40219.1
Project("{FAE04EC0-301F-11D3-BF4B-00C04F79EFBC}") = "2DO PARCIAL", "2DO PARCIAL.csproj", "{BFAA53B7-8B16-4B7E-AA8E-F0BC7B7816CD}"
EndProject
Global
	GlobalSection(SolutionConfigurationPlatforms) = preSolution
		Debug|Any CPU = Debug|Any CPU
		Release|Any CPU = Release|Any CPU
	EndGlobalSection
	GlobalSection(ProjectConfigurationPlatforms) = postSolution
		{BFAA53B7-8B16-4B7E-AA8E-F0BC7B7816CD}.Debug|Any CPU.ActiveCfg = Debug|Any CPU
		{BFAA53B7-8B16-4B7E-AA8E-F0BC7B7816CD}.Debug|Any CPU.Build.0 = Debug|Any CPU
		{BFAA53B7-8B16-4B7E-AA8E-F0BC7B7816CD}.Release|Any CPU.ActiveCfg = Release|Any CPU
		{BFAA53B7-8B16-4B7E-AA8E-F0BC7B7816CD}.Release|Any CPU.Build.0 = Release|Any CPU
	EndGlobalSection
	GlobalSection(SolutionProperties) = preSolution
		HideSolutionNode = FALSE
	EndGlobalSection
	GlobalSection(ExtensibilityGlobals) = postSolution
		SolutionGuid = {AAEE7228-9F1E-460F-B433-EBA5A67F888D}
	EndGlobalSection
EndGlobal
