
Microsoft Visual Studio Solution File, Format Version 12.00
# Visual Studio Version 16
VisualStudioVersion = 16.0.30104.148
MinimumVisualStudioVersion = 10.0.40219.1
Project("{FAE04EC0-301F-11D3-BF4B-00C04F79EFBC}") = "el mayor es", "el mayor es.csproj", "{59871211-C17F-4EEA-8C8B-A9EB35CD9B17}"
EndProject
Global
	GlobalSection(SolutionConfigurationPlatforms) = preSolution
		Debug|Any CPU = Debug|Any CPU
		Release|Any CPU = Release|Any CPU
	EndGlobalSection
	GlobalSection(ProjectConfigurationPlatforms) = postSolution
		{59871211-C17F-4EEA-8C8B-A9EB35CD9B17}.Debug|Any CPU.ActiveCfg = Debug|Any CPU
		{59871211-C17F-4EEA-8C8B-A9EB35CD9B17}.Debug|Any CPU.Build.0 = Debug|Any CPU
		{59871211-C17F-4EEA-8C8B-A9EB35CD9B17}.Release|Any CPU.ActiveCfg = Release|Any CPU
		{59871211-C17F-4EEA-8C8B-A9EB35CD9B17}.Release|Any CPU.Build.0 = Release|Any CPU
	EndGlobalSection
	GlobalSection(SolutionProperties) = preSolution
		HideSolutionNode = FALSE
	EndGlobalSection
	GlobalSection(ExtensibilityGlobals) = postSolution
		SolutionGuid = {A98981F6-D146-4594-8B51-5520B1A248DA}
	EndGlobalSection
EndGlobal
